github.com/lamouchedu94/ExifGO v0.0.0-20230531220936-ed32347c79a4 h1:bRzCpFUNkuESlNO7FUptLI5t00yT6IUTPcjfI1DUv+M=
github.com/lamouchedu94/ExifGO v0.0.0-20230531220936-ed32347c79a4/go.mod h1:nJtGsTwi6ZYXdhtU79FLB3nXOt7ayW/yG+pU2y9mAEw=
github.com/lamouchedu94/ExifGO v0.0.0-20230712003128-a9107950f108 h1:uJszh/21MFOLvtrzb/kIBmVeyUVMFbFHjr35Z83LzXw=
github.com/lamouchedu94/ExifGO v0.0.0-20230712003128-a9107950f108/go.mod h1:nJtGsTwi6ZYXdhtU79FLB3nXOt7ayW/yG+pU2y9mAEw=
github.com/lamouchedu94/ExifGO v0.0.0-20230712100228-83f1f5cff897 h1:Yd85ui0T1vTCZHVo9Ueunbo+P42lHM8f6EUkRI0ItU4=
github.com/lamouchedu94/ExifGO v0.0.0-20230712100228-83f1f5cff897/go.mod h1:nJtGsTwi6ZYXdhtU79FLB3nXOt7ayW/yG+pU2y9mAEw=
